
Microsoft Visual Studio Solution File, Format Version 12.00
# Visual Studio 15
VisualStudioVersion = 15.0.27428.2005
MinimumVisualStudioVersion = 10.0.40219.1
Project("{8BC9CEB8-8B4A-11D0-8D11-00A0C91BC942}") = "MCalc", "MCalc\MCalc.vcxproj", "{892CA1F7-B9C4-4E6A-BCED-9A51C3ECFDF8}"
EndProject
Global
	GlobalSection(SolutionConfigurationPlatforms) = preSolution
		Debug|Win32 = Debug|Win32
		Release|Win32 = Release|Win32
	EndGlobalSection
	GlobalSection(ProjectConfigurationPlatforms) = postSolution
		{892CA1F7-B9C4-4E6A-BCED-9A51C3ECFDF8}.Debug|Win32.ActiveCfg = Debug|Win32
		{892CA1F7-B9C4-4E6A-BCED-9A51C3ECFDF8}.Debug|Win32.Build.0 = Debug|Win32
		{892CA1F7-B9C4-4E6A-BCED-9A51C3ECFDF8}.Release|Win32.ActiveCfg = Release|Win32
		{892CA1F7-B9C4-4E6A-BCED-9A51C3ECFDF8}.Release|Win32.Build.0 = Release|Win32
	EndGlobalSection
	GlobalSection(SolutionProperties) = preSolution
		HideSolutionNode = FALSE
	EndGlobalSection
	GlobalSection(ExtensibilityGlobals) = postSolution
		SolutionGuid = {96855951-ABE9-4459-838A-2FDBDC79A4AD}
	EndGlobalSection
EndGlobal
